
Microsoft Visual Studio Solution File, Format Version 12.00
# Visual Studio Version 17
VisualStudioVersion = 17.7.34024.191
MinimumVisualStudioVersion = 10.0.40219.1
Project("{FAE04EC0-301F-11D3-BF4B-00C04F79EFBC}") = "ECommerce", "ECommerce\ECommerce.csproj", "{189957BF-FB41-434F-802C-3667F2E5A813}"
EndProject
Global
	GlobalSection(SolutionConfigurationPlatforms) = preSolution
		Debug|Any CPU = Debug|Any CPU
		Release|Any CPU = Release|Any CPU
	EndGlobalSection
	GlobalSection(ProjectConfigurationPlatforms) = postSolution
		{189957BF-FB41-434F-802C-3667F2E5A813}.Debug|Any CPU.ActiveCfg = Debug|Any CPU
		{189957BF-FB41-434F-802C-3667F2E5A813}.Debug|Any CPU.Build.0 = Debug|Any CPU
		{189957BF-FB41-434F-802C-3667F2E5A813}.Release|Any CPU.ActiveCfg = Release|Any CPU
		{189957BF-FB41-434F-802C-3667F2E5A813}.Release|Any CPU.Build.0 = Release|Any CPU
	EndGlobalSection
	GlobalSection(SolutionProperties) = preSolution
		HideSolutionNode = FALSE
	EndGlobalSection
	GlobalSection(ExtensibilityGlobals) = postSolution
		SolutionGuid = {241E9CBA-BDB8-4227-A07F-C1DA7EA4AD03}
	EndGlobalSection
EndGlobal
