
Microsoft Visual Studio Solution File, Format Version 12.00
# Visual Studio Version 17
VisualStudioVersion = 17.7.34024.191
MinimumVisualStudioVersion = 10.0.40219.1
Project("{FAE04EC0-301F-11D3-BF4B-00C04F79EFBC}") = "PDFSummaryReport", "PDFSummaryReport\PDFSummaryReport.csproj", "{98345D36-BB17-4122-BC4E-5E0802870A6E}"
EndProject
Global
	GlobalSection(SolutionConfigurationPlatforms) = preSolution
		Debug|Any CPU = Debug|Any CPU
		Release|Any CPU = Release|Any CPU
	EndGlobalSection
	GlobalSection(ProjectConfigurationPlatforms) = postSolution
		{98345D36-BB17-4122-BC4E-5E0802870A6E}.Debug|Any CPU.ActiveCfg = Debug|Any CPU
		{98345D36-BB17-4122-BC4E-5E0802870A6E}.Debug|Any CPU.Build.0 = Debug|Any CPU
		{98345D36-BB17-4122-BC4E-5E0802870A6E}.Release|Any CPU.ActiveCfg = Release|Any CPU
		{98345D36-BB17-4122-BC4E-5E0802870A6E}.Release|Any CPU.Build.0 = Release|Any CPU
	EndGlobalSection
	GlobalSection(SolutionProperties) = preSolution
		HideSolutionNode = FALSE
	EndGlobalSection
	GlobalSection(ExtensibilityGlobals) = postSolution
		SolutionGuid = {32BD3267-4E05-4BD9-B103-FE946EB480C0}
	EndGlobalSection
EndGlobal
