
Microsoft Visual Studio Solution File, Format Version 12.00
# Visual Studio Version 17
VisualStudioVersion = 17.7.34024.191
MinimumVisualStudioVersion = 10.0.40219.1
Project("{FAE04EC0-301F-11D3-BF4B-00C04F79EFBC}") = "UserListViewApp", "UserListViewApp\UserListViewApp.csproj", "{38DAABAD-7B95-42B9-8489-53BEBB20EDAF}"
EndProject
Global
	GlobalSection(SolutionConfigurationPlatforms) = preSolution
		Debug|Any CPU = Debug|Any CPU
		Release|Any CPU = Release|Any CPU
	EndGlobalSection
	GlobalSection(ProjectConfigurationPlatforms) = postSolution
		{38DAABAD-7B95-42B9-8489-53BEBB20EDAF}.Debug|Any CPU.ActiveCfg = Debug|Any CPU
		{38DAABAD-7B95-42B9-8489-53BEBB20EDAF}.Debug|Any CPU.Build.0 = Debug|Any CPU
		{38DAABAD-7B95-42B9-8489-53BEBB20EDAF}.Release|Any CPU.ActiveCfg = Release|Any CPU
		{38DAABAD-7B95-42B9-8489-53BEBB20EDAF}.Release|Any CPU.Build.0 = Release|Any CPU
	EndGlobalSection
	GlobalSection(SolutionProperties) = preSolution
		HideSolutionNode = FALSE
	EndGlobalSection
	GlobalSection(ExtensibilityGlobals) = postSolution
		SolutionGuid = {B7B8BDC0-3C46-4117-98A1-F7432B61931B}
	EndGlobalSection
EndGlobal
