
Microsoft Visual Studio Solution File, Format Version 12.00
# Visual Studio Version 17
VisualStudioVersion = 17.7.34024.191
MinimumVisualStudioVersion = 10.0.40219.1
Project("{FAE04EC0-301F-11D3-BF4B-00C04F79EFBC}") = "BasicSalary", "BasicSalary\BasicSalary.csproj", "{5E6E33DF-85A1-4783-AE4B-586B91B7EA93}"
EndProject
Global
	GlobalSection(SolutionConfigurationPlatforms) = preSolution
		Debug|Any CPU = Debug|Any CPU
		Release|Any CPU = Release|Any CPU
	EndGlobalSection
	GlobalSection(ProjectConfigurationPlatforms) = postSolution
		{5E6E33DF-85A1-4783-AE4B-586B91B7EA93}.Debug|Any CPU.ActiveCfg = Debug|Any CPU
		{5E6E33DF-85A1-4783-AE4B-586B91B7EA93}.Debug|Any CPU.Build.0 = Debug|Any CPU
		{5E6E33DF-85A1-4783-AE4B-586B91B7EA93}.Release|Any CPU.ActiveCfg = Release|Any CPU
		{5E6E33DF-85A1-4783-AE4B-586B91B7EA93}.Release|Any CPU.Build.0 = Release|Any CPU
	EndGlobalSection
	GlobalSection(SolutionProperties) = preSolution
		HideSolutionNode = FALSE
	EndGlobalSection
	GlobalSection(ExtensibilityGlobals) = postSolution
		SolutionGuid = {60F9E592-DEEE-4DCD-9F06-516B1F2583CA}
	EndGlobalSection
EndGlobal
